<?xml version="1.0" encoding="utf-8"?>
<Project ToolsVersion="4.0" xmlns="http://schemas.microsoft.com/developer/msbuild/2003">
  <ItemGroup>
    <Filter Include="Arquivos de Origem">
      <UniqueIdentifier>{4FC737F1-C7A5-4376-A066-2A32D752A2FF}</UniqueIdentifier>
      <Extensions>cpp;c;cc;cxx;c++;cppm;ixx;def;odl;idl;hpj;bat;asm;asmx</Extensions>
    </Filter>
    <Filter Include="Arquivos de Cabeçalho">
      <UniqueIdentifier>{93995380-89BD-4b04-88EB-625FBE52EBFB}</UniqueIdentifier>
      <Extensions>h;hh;hpp;hxx;h++;hm;inl;inc;ipp;xsd</Extensions>
    </Filter>
    <Filter Include="Arquivos de Recurso">
      <UniqueIdentifier>{67DA6AB6-F800-4c08-8B7A-83BB121AAD01}</UniqueIdentifier>
      <Extensions>rc;ico;cur;bmp;dlg;rc2;rct;bin;rgs;gif;jpg;jpeg;jpe;resx;tiff;tif;png;wav;mfcribbon-ms</Extensions>
    </Filter>
    <Filter Include="Arquivos de Cabeçalho\domain">
      <UniqueIdentifier>{27361b98-e6be-41a3-9f06-1a0a19a7ac67}</UniqueIdentifier>
    </Filter>
    <Filter Include="Arquivos de Cabeçalho\domain\entitites">
      <UniqueIdentifier>{9c7d2695-9263-45ef-8f3a-b885e593d423}</UniqueIdentifier>
    </Filter>
    <Filter Include="Arquivos de Origem\domain">
      <UniqueIdentifier>{c7d70024-76ca-412c-be21-df8e33b80090}</UniqueIdentifier>
    </Filter>
    <Filter Include="Arquivos de Origem\domain\entities">
      <UniqueIdentifier>{d1fbe53f-835d-4e9b-928d-bd0216a41f06}</UniqueIdentifier>
    </Filter>
    <Filter Include="Arquivos de Origem\application">
      <UniqueIdentifier>{efd41571-71af-42e6-b0e9-26e525a4692e}</UniqueIdentifier>
    </Filter>
    <Filter Include="Arquivos de Cabeçalho\application">
      <UniqueIdentifier>{0df9b542-5479-4897-bf29-114e770817fc}</UniqueIdentifier>
    </Filter>
    <Filter Include="Arquivos de Origem\infrastructure">
      <UniqueIdentifier>{b4d9d239-c957-42e2-9f78-0c8ef9002945}</UniqueIdentifier>
    </Filter>
    <Filter Include="Arquivos de Origem\infrastructure\external_libs">
      <UniqueIdentifier>{7694921f-c986-4796-addf-a94d62191ba4}</UniqueIdentifier>
    </Filter>
    <Filter Include="Arquivos de Cabeçalho\infrasctructure">
      <UniqueIdentifier>{8b77a955-5b99-477f-bd33-b161573f3bd8}</UniqueIdentifier>
    </Filter>
    <Filter Include="Arquivos de Cabeçalho\infrasctructure\external_libs">
      <UniqueIdentifier>{5c9e6312-a21a-433e-8818-78d3724b1d68}</UniqueIdentifier>
    </Filter>
    <Filter Include="Arquivos de Cabeçalho\domain\dtos">
      <UniqueIdentifier>{82760932-cc7b-44c5-861b-5e49a9f234f1}</UniqueIdentifier>
    </Filter>
    <Filter Include="Arquivos de Origem\domain\dtos">
      <UniqueIdentifier>{d38409f7-6feb-4c45-af79-224db5119ace}</UniqueIdentifier>
    </Filter>
    <Filter Include="Arquivos de Cabeçalho\domain\ports">
      <UniqueIdentifier>{5b81d6c4-1aac-4696-97af-c532c5dab00a}</UniqueIdentifier>
    </Filter>
    <Filter Include="Arquivos de Cabeçalho\domain\ports\output_ports">
      <UniqueIdentifier>{1425328e-7039-4060-887f-48a442b8604d}</UniqueIdentifier>
    </Filter>
  </ItemGroup>
  <ItemGroup>
    <ClCompile Include="Origem.cpp">
      <Filter>Arquivos de Origem</Filter>
    </ClCompile>
    <ClCompile Include="Character.cpp">
      <Filter>Arquivos de Origem\domain\entities</Filter>
    </ClCompile>
    <ClCompile Include="Enemy.cpp">
      <Filter>Arquivos de Origem\domain\entities</Filter>
    </ClCompile>
    <ClCompile Include="Player.cpp">
      <Filter>Arquivos de Origem\domain\entities</Filter>
    </ClCompile>
    <ClCompile Include="Skill.cpp">
      <Filter>Arquivos de Origem\domain\entities</Filter>
    </ClCompile>
    <ClCompile Include="VisualElement.cpp">
      <Filter>Arquivos de Origem\domain\entities</Filter>
    </ClCompile>
    <ClCompile Include="RenderDataDTO.cpp">
      <Filter>Arquivos de Origem\domain\dtos</Filter>
    </ClCompile>
    <ClCompile Include="SDLRendererAdapter.cpp">
      <Filter>Arquivos de Origem\infrastructure\external_libs</Filter>
    </ClCompile>
    <ClCompile Include="Scene.cpp">
      <Filter>Arquivos de Origem\domain\entities</Filter>
    </ClCompile>
    <ClCompile Include="Game.cpp">
      <Filter>Arquivos de Origem\application</Filter>
    </ClCompile>
    <ClCompile Include="Window.cpp">
      <Filter>Arquivos de Origem\application</Filter>
    </ClCompile>
  </ItemGroup>
  <ItemGroup>
    <ClInclude Include="Character.h">
      <Filter>Arquivos de Cabeçalho\domain\entitites</Filter>
    </ClInclude>
    <ClInclude Include="Enemy.h">
      <Filter>Arquivos de Cabeçalho\domain\entitites</Filter>
    </ClInclude>
    <ClInclude Include="Skill.h">
      <Filter>Arquivos de Cabeçalho\domain\entitites</Filter>
    </ClInclude>
    <ClInclude Include="Player.h">
      <Filter>Arquivos de Cabeçalho\domain\entitites</Filter>
    </ClInclude>
    <ClInclude Include="VisualElement.h">
      <Filter>Arquivos de Cabeçalho\domain\entitites</Filter>
    </ClInclude>
    <ClInclude Include="RendererPort.h">
      <Filter>Arquivos de Cabeçalho\domain\ports\output_ports</Filter>
    </ClInclude>
    <ClInclude Include="SDLRendererAdapter.h">
      <Filter>Arquivos de Cabeçalho\infrasctructure\external_libs</Filter>
    </ClInclude>
    <ClInclude Include="RenderDataDTO.h">
      <Filter>Arquivos de Cabeçalho\domain\dtos</Filter>
    </ClInclude>
    <ClInclude Include="Scene.h">
      <Filter>Arquivos de Cabeçalho\domain\entitites</Filter>
    </ClInclude>
    <ClInclude Include="RendererPort.h">
      <Filter>Arquivos de Cabeçalho\domain\dtos</Filter>
    </ClInclude>
    <ClInclude Include="RendererPort.h">
      <Filter>Arquivos de Cabeçalho</Filter>
    </ClInclude>
    <ClInclude Include="Game.h">
      <Filter>Arquivos de Cabeçalho\application</Filter>
    </ClInclude>
    <ClInclude Include="Window.h">
      <Filter>Arquivos de Cabeçalho\application</Filter>
    </ClInclude>
  </ItemGroup>
</Project>