<?xml version="1.0" encoding="utf-8"?>
<Project ToolsVersion="4.0" xmlns="http://schemas.microsoft.com/developer/msbuild/2003">
  <ItemGroup>
    <Filter Include="Arquivos de Origem">
      <UniqueIdentifier>{4FC737F1-C7A5-4376-A066-2A32D752A2FF}</UniqueIdentifier>
      <Extensions>cpp;c;cc;cxx;c++;cppm;ixx;def;odl;idl;hpj;bat;asm;asmx</Extensions>
    </Filter>
    <Filter Include="Arquivos de Cabeçalho">
      <UniqueIdentifier>{93995380-89BD-4b04-88EB-625FBE52EBFB}</UniqueIdentifier>
      <Extensions>h;hh;hpp;hxx;h++;hm;inl;inc;ipp;xsd</Extensions>
    </Filter>
    <Filter Include="Arquivos de Recurso">
      <UniqueIdentifier>{67DA6AB6-F800-4c08-8B7A-83BB121AAD01}</UniqueIdentifier>
      <Extensions>rc;ico;cur;bmp;dlg;rc2;rct;bin;rgs;gif;jpg;jpeg;jpe;resx;tiff;tif;png;wav;mfcribbon-ms</Extensions>
    </Filter>
    <Filter Include="Arquivos de Cabeçalho\entities">
      <UniqueIdentifier>{c4f87c32-04b6-46a3-9636-def35f1ba17e}</UniqueIdentifier>
    </Filter>
    <Filter Include="Arquivos de Origem\entities">
      <UniqueIdentifier>{0725ae6d-4691-4146-97b4-868386af8183}</UniqueIdentifier>
    </Filter>
    <Filter Include="Arquivos de Origem\dtos">
      <UniqueIdentifier>{da66a2dd-2ae8-4b02-8102-837bfe5e130b}</UniqueIdentifier>
    </Filter>
    <Filter Include="Arquivos de Cabeçalho\dtos">
      <UniqueIdentifier>{a499dd43-25cd-4cfc-9964-0a0def51124a}</UniqueIdentifier>
    </Filter>
  </ItemGroup>
  <ItemGroup>
    <ClCompile Include="Origem.cpp">
      <Filter>Arquivos de Origem</Filter>
    </ClCompile>
    <ClCompile Include="Character.cpp">
      <Filter>Arquivos de Origem\entities</Filter>
    </ClCompile>
    <ClCompile Include="Enemy.cpp">
      <Filter>Arquivos de Origem\entities</Filter>
    </ClCompile>
    <ClCompile Include="Skill.cpp">
      <Filter>Arquivos de Origem\entities</Filter>
    </ClCompile>
    <ClCompile Include="Player.cpp">
      <Filter>Arquivos de Origem\entities</Filter>
    </ClCompile>
    <ClCompile Include="VisualElement.cpp">
      <Filter>Arquivos de Origem\entities</Filter>
    </ClCompile>
    <ClCompile Include="Window.cpp">
      <Filter>Arquivos de Origem\entities</Filter>
    </ClCompile>
    <ClCompile Include="Game.cpp">
      <Filter>Arquivos de Origem\entities</Filter>
    </ClCompile>
    <ClCompile Include="Background.cpp">
      <Filter>Arquivos de Origem</Filter>
    </ClCompile>
    <ClCompile Include="VisualElementProps.cpp">
      <Filter>Arquivos de Origem\dtos</Filter>
    </ClCompile>
  </ItemGroup>
  <ItemGroup>
    <ClInclude Include="Character.h">
      <Filter>Arquivos de Cabeçalho\entities</Filter>
    </ClInclude>
    <ClInclude Include="Enemy.h">
      <Filter>Arquivos de Cabeçalho\entities</Filter>
    </ClInclude>
    <ClInclude Include="Skill.h">
      <Filter>Arquivos de Cabeçalho\entities</Filter>
    </ClInclude>
    <ClInclude Include="Player.h">
      <Filter>Arquivos de Cabeçalho\entities</Filter>
    </ClInclude>
    <ClInclude Include="VisualElement.h">
      <Filter>Arquivos de Cabeçalho\entities</Filter>
    </ClInclude>
    <ClInclude Include="Window.h">
      <Filter>Arquivos de Cabeçalho\entities</Filter>
    </ClInclude>
    <ClInclude Include="Game.h">
      <Filter>Arquivos de Cabeçalho\entities</Filter>
    </ClInclude>
    <ClInclude Include="Background.h">
      <Filter>Arquivos de Cabeçalho</Filter>
    </ClInclude>
    <ClInclude Include="VisualElementProps.h">
      <Filter>Arquivos de Cabeçalho\dtos</Filter>
    </ClInclude>
  </ItemGroup>
</Project>